{
  "capability_vocabulary": 1,
  "packages": [
    {
      "name": "stark_ascii",
      "version": "0.1.0",
      "sha256": "",
      "dependencies": {
      }
    },
    {
      "name": "stark_percent",
      "version": "0.1.0",
      "sha256": "",
      "dependencies": {
        "stark_ascii": "0.1.0"
      }
    },
    {
      "name": "stark_urlencoded",
      "version": "0.1.0",
      "sha256": "",
      "dependencies": {
        "stark_ascii": "0.1.0",
        "stark_percent": "0.1.0"
      }
    }
  ]
}