{
  "capability_vocabulary": 1,
  "packages": [
    {
      "name": "stark_digest",
      "version": "0.1.0",
      "sha256": "",
      "dependencies": {
        "stark_hex": "0.1.0"
      }
    },
    {
      "name": "stark_hex",
      "version": "0.1.0",
      "sha256": "",
      "dependencies": {
      }
    }
  ]
}