{
  "packages": [
    {
      "name": "stark_http_client",
      "version": "0.1.0",
      "sha256": "",
      "dependencies": {
        "stark_http_core": "0.1.0",
        "stark_http_parser": "0.1.0",
        "stark_http_serialize": "0.1.0",
        "stark_json": "0.1.0",
        "stark_net": "0.1.0",
        "stark_time": "0.1.0",
        "stark_tls": "0.1.0",
        "stark_url": "0.1.0"
      }
    },
    {
      "name": "stark_http_core",
      "version": "0.1.0",
      "sha256": "",
      "dependencies": {
      }
    },
    {
      "name": "stark_http_parser",
      "version": "0.1.0",
      "sha256": "",
      "dependencies": {
        "stark_http_core": "0.1.0"
      }
    },
    {
      "name": "stark_http_serialize",
      "version": "0.1.0",
      "sha256": "",
      "dependencies": {
        "stark_http_core": "0.1.0"
      }
    },
    {
      "name": "stark_json",
      "version": "0.1.0",
      "sha256": "",
      "dependencies": {
      }
    },
    {
      "name": "stark_net",
      "version": "0.1.0",
      "sha256": "",
      "dependencies": {
        "stark_time": "0.1.0"
      }
    },
    {
      "name": "stark_time",
      "version": "0.1.0",
      "sha256": "",
      "dependencies": {
      }
    },
    {
      "name": "stark_tls",
      "version": "0.1.0",
      "sha256": "",
      "dependencies": {
        "stark_net": "0.1.0",
        "stark_time": "0.1.0"
      }
    },
    {
      "name": "stark_url",
      "version": "0.1.0",
      "sha256": "",
      "dependencies": {
      }
    }
  ]
}