# WP-C6.5 differential corpus lock (§9.5). Generated by `generate.py --lock`.
#
# Header `key = value` lines, then one `<sha256>  <relative/path>` line per corpus source,
# sorted by path. This is NOT `exec_snapshots/corpus.lock`: the inherited frozen execution
# corpus is preserved as its own artifact and is not absorbed into this one (§3.2).
#
# A corpus change requires regenerating this file AND bumping corpus_version (§9.6):
# patch = metadata only, minor = new cases/templates/families, major = incompatible
# manifest, protocol or expectation model. `c6_corpus_manifest.rs` enforces the version
# line against a constant, so a regeneration cannot quietly redefine the baseline.
#
# corpus_version 0.1.0 (WP-C6.5-2, 2026-07-26, CD-152): the corpus is created with the
# retained DEV-111/DEV-112 entry-contract cases, so the machinery locks real files rather
# than being vacuously green on an empty tree.
corpus_version = 0.1.0
generator_version = 0.1.0
generator_seed = unset-until-c6.5-4
manifest_sha256 = 6ff84d6838b826c8adfdb5c96b93f957dc88931dedd7032a3656e197e037106b
generator_sha256 = 3edb04d46b32ba2eba8ce18f765f702f8e7c1de74ea5a45c70ea40c714ed5161
case_count = 6
handwritten_count = 0
generated_count = 0
retained_count = 6
metamorphic_group_count = 0
35d47bdb8e195fa4364859685eba982f8199696f66104cb9010510ae39d7ce7a  cases/retained/entry_exit__01_unit_entry.stark
f6441e116ccf387ab837781ac0fb056730c8f1341233bcf46051c2060989ebcf  cases/retained/entry_exit__02_int32_status.stark
1d2686fcd48f2d85691ec540b93425788150007223d260901d6569671d98adf5  cases/retained/entry_exit__03_err_stderr.stark
9fdc5e27e3cfabc7e6c11caba80f40f0bf40988f2ef944b4f199064b20f27ef1  cases/retained/entry_exit__04_max_status.stark
8b257b7ec5a5b498b37d4ff5ced9e4851d81529b993d8777f84463a67d9745ca  cases/retained/entry_exit__05_ok_unit_entry.stark
6ad6c9150b980edcc6712097075d6e4a8d4551f15b3f68f4cfa9d651a94511c0  cases/retained/entry_exit__06_unit_literal.stark
